
Microsoft Visual Studio Solution File, Format Version 12.00
# Visual Studio Version 17
VisualStudioVersion = 17.3.32929.385
MinimumVisualStudioVersion = 10.0.40219.1
Project("{8BC9CEB8-8B4A-11D0-8D11-00A0C91BC942}") = "Data_EndeCode_Tcp_transport", "Data_EndeCode_Tcp_transport.vcxproj", "{24521FD3-AE7B-41F2-80AA-D684B88F9EAF}"
EndProject
Global
	GlobalSection(SolutionConfigurationPlatforms) = preSolution
		Debug|ARM = Debug|ARM
		Debug|ARM64 = Debug|ARM64
		Debug|x64 = Debug|x64
		Debug|x86 = Debug|x86
		Release|ARM = Release|ARM
		Release|ARM64 = Release|ARM64
		Release|x64 = Release|x64
		Release|x86 = Release|x86
	EndGlobalSection
	GlobalSection(ProjectConfigurationPlatforms) = postSolution
		{24521FD3-AE7B-41F2-80AA-D684B88F9EAF}.Debug|ARM.ActiveCfg = Debug|ARM
		{24521FD3-AE7B-41F2-80AA-D684B88F9EAF}.Debug|ARM.Build.0 = Debug|ARM
		{24521FD3-AE7B-41F2-80AA-D684B88F9EAF}.Debug|ARM.Deploy.0 = Debug|ARM
		{24521FD3-AE7B-41F2-80AA-D684B88F9EAF}.Debug|ARM64.ActiveCfg = Debug|ARM64
		{24521FD3-AE7B-41F2-80AA-D684B88F9EAF}.Debug|ARM64.Build.0 = Debug|ARM64
		{24521FD3-AE7B-41F2-80AA-D684B88F9EAF}.Debug|ARM64.Deploy.0 = Debug|ARM64
		{24521FD3-AE7B-41F2-80AA-D684B88F9EAF}.Debug|x64.ActiveCfg = Debug|x64
		{24521FD3-AE7B-41F2-80AA-D684B88F9EAF}.Debug|x64.Build.0 = Debug|x64
		{24521FD3-AE7B-41F2-80AA-D684B88F9EAF}.Debug|x64.Deploy.0 = Debug|x64
		{24521FD3-AE7B-41F2-80AA-D684B88F9EAF}.Debug|x86.ActiveCfg = Debug|x86
		{24521FD3-AE7B-41F2-80AA-D684B88F9EAF}.Debug|x86.Build.0 = Debug|x86
		{24521FD3-AE7B-41F2-80AA-D684B88F9EAF}.Debug|x86.Deploy.0 = Debug|x86
		{24521FD3-AE7B-41F2-80AA-D684B88F9EAF}.Release|ARM.ActiveCfg = Release|ARM
		{24521FD3-AE7B-41F2-80AA-D684B88F9EAF}.Release|ARM.Build.0 = Release|ARM
		{24521FD3-AE7B-41F2-80AA-D684B88F9EAF}.Release|ARM.Deploy.0 = Release|ARM
		{24521FD3-AE7B-41F2-80AA-D684B88F9EAF}.Release|ARM64.ActiveCfg = Release|ARM64
		{24521FD3-AE7B-41F2-80AA-D684B88F9EAF}.Release|ARM64.Build.0 = Release|ARM64
		{24521FD3-AE7B-41F2-80AA-D684B88F9EAF}.Release|ARM64.Deploy.0 = Release|ARM64
		{24521FD3-AE7B-41F2-80AA-D684B88F9EAF}.Release|x64.ActiveCfg = Release|x64
		{24521FD3-AE7B-41F2-80AA-D684B88F9EAF}.Release|x64.Build.0 = Release|x64
		{24521FD3-AE7B-41F2-80AA-D684B88F9EAF}.Release|x64.Deploy.0 = Release|x64
		{24521FD3-AE7B-41F2-80AA-D684B88F9EAF}.Release|x86.ActiveCfg = Release|x86
		{24521FD3-AE7B-41F2-80AA-D684B88F9EAF}.Release|x86.Build.0 = Release|x86
		{24521FD3-AE7B-41F2-80AA-D684B88F9EAF}.Release|x86.Deploy.0 = Release|x86
	EndGlobalSection
	GlobalSection(SolutionProperties) = preSolution
		HideSolutionNode = FALSE
	EndGlobalSection
	GlobalSection(ExtensibilityGlobals) = postSolution
		SolutionGuid = {9DADD846-A4C5-4D64-9EAC-FB1ED4AEA7A1}
	EndGlobalSection
EndGlobal
